// !$*UTF8*$!
{
	archiveVersion = 1;
	classes = {
	};
	objectVersion = 48;
	objects = {

/* Begin PBXBuildFile section */
		DD2BBD141FDA618C00F9B213 /* AppDelegate.swift in Sources */ = {isa = PBXBuildFile; fileRef = DD2BBD131FDA618C00F9B213 /* AppDelegate.swift */; };
		DD2BBD161FDA618C00F9B213 /* ViewController.swift in Sources */ = {isa = PBXBuildFile; fileRef = DD2BBD151FDA618C00F9B213 /* ViewController.swift */; };
		DD2BBD191FDA618C00F9B213 /* Main.storyboard in Resources */ = {isa = PBXBuildFile; fileRef = DD2BBD171FDA618C00F9B213 /* Main.storyboard */; };
		DD2BBD1B1FDA618C00F9B213 /* Assets.xcassets in Resources */ = {isa = PBXBuildFile; fileRef = DD2BBD1A1FDA618C00F9B213 /* Assets.xcassets */; };
		DD2BBD1E1FDA618C00F9B213 /* LaunchScreen.storyboard in Resources */ = {isa = PBXBuildFile; fileRef = DD2BBD1C1FDA618C00F9B213 /* LaunchScreen.storyboard */; };
		DD2BBD261FDA677600F9B213 /* WebClass.swift in Sources */ = {isa = PBXBuildFile; fileRef = DD2BBD251FDA677600F9B213 /* WebClass.swift */; };
		DD2BBD291FDA6B3B00F9B213 /* LocalAuthentication.framework in Frameworks */ = {isa = PBXBuildFile; fileRef = DD2BBD281FDA6B3B00F9B213 /* LocalAuthentication.framework */; };
/* End PBXBuildFile section */

/* Begin PBXFileReference section */
		DD2BBD101FDA618C00F9B213 /* Alerts.app */ = {isa = PBXFileReference; explicitFileType = wrapper.application; includeInIndex = 0; path = Alerts.app; sourceTree = BUILT_PRODUCTS_DIR; };
		DD2BBD131FDA618C00F9B213 /* AppDelegate.swift */ = {isa = PBXFileReference; lastKnownFileType = sourcecode.swift; path = AppDelegate.swift; sourceTree = "<group>"; };
		DD2BBD151FDA618C00F9B213 /* ViewController.swift */ = {isa = PBXFileReference; lastKnownFileType = sourcecode.swift; path = ViewController.swift; sourceTree = "<group>"; };
		DD2BBD181FDA618C00F9B213 /* Base */ = {isa = PBXFileReference; lastKnownFileType = file.storyboard; name = Base; path = Base.lproj/Main.storyboard; sourceTree = "<group>"; };
		DD2BBD1A1FDA618C00F9B213 /* Assets.xcassets */ = {isa = PBXFileReference; lastKnownFileType = folder.assetcatalog; path = Assets.xcassets; sourceTree = "<group>"; };
		DD2BBD1D1FDA618C00F9B213 /* Base */ = {isa = PBXFileReference; lastKnownFileType = file.storyboard; name = Base; path = Base.lproj/LaunchScreen.storyboard; sourceTree = "<group>"; };
		DD2BBD1F1FDA618C00F9B213 /* Info.plist */ = {isa = PBXFileReference; lastKnownFileType = text.plist.xml; path = Info.plist; sourceTree = "<group>"; };
		DD2BBD251FDA677600F9B213 /* WebClass.swift */ = {isa = PBXFileReference; lastKnownFileType = sourcecode.swift; path = WebClass.swift; sourceTree = "<group>"; };
		DD2BBD281FDA6B3B00F9B213 /* LocalAuthentication.framework */ = {isa = PBXFileReference; lastKnownFileType = wrapper.framework; name = LocalAuthentication.framework; path = System/Library/Frameworks/LocalAuthentication.framework; sourceTree = SDKROOT; };
/* End PBXFileReference section */

/* Begin PBXFrameworksBuildPhase section */
		DD2BBD0D1FDA618C00F9B213 /* Frameworks */ = {
			isa = PBXFrameworksBuildPhase;
			buildActionMask = 2147483647;
			files = (
				DD2BBD291FDA6B3B00F9B213 /* LocalAuthentication.framework in Frameworks */,
			);
			runOnlyForDeploymentPostprocessing = 0;
		};
/* End PBXFrameworksBuildPhase section */

/* Begin PBXGroup section */
		DD2BBD071FDA618C00F9B213 = {
			isa = PBXGroup;
			children = (
				DD2BBD121FDA618C00F9B213 /* Alerts */,
				DD2BBD111FDA618C00F9B213 /* Products */,
				DD2BBD271FDA6B3B00F9B213 /* Frameworks */,
			);
			sourceTree = "<group>";
		};
		DD2BBD111FDA618C00F9B213 /* Products */ = {
			isa = PBXGroup;
			children = (
				DD2BBD101FDA618C00F9B213 /* Alerts.app */,
			);
			name = Products;
			sourceTree = "<group>";
		};
		DD2BBD121FDA618C00F9B213 /* Alerts */ = {
			isa = PBXGroup;
			children = (
				DD2BBD131FDA618C00F9B213 /* AppDelegate.swift */,
				DD2BBD151FDA618C00F9B213 /* ViewController.swift */,
				DD2BBD171FDA618C00F9B213 /* Main.storyboard */,
				DD2BBD251FDA677600F9B213 /* WebClass.swift */,
				DD2BBD1A1FDA618C00F9B213 /* Assets.xcassets */,
				DD2BBD1C1FDA618C00F9B213 /* LaunchScreen.storyboard */,
				DD2BBD1F1FDA618C00F9B213 /* Info.plist */,
			);
			path = Alerts;
			sourceTree = "<group>";
		};
		DD2BBD271FDA6B3B00F9B213 /* Frameworks */ = {
			isa = PBXGroup;
			children = (
				DD2BBD281FDA6B3B00F9B213 /* LocalAuthentication.framework */,
			);
			name = Frameworks;
			sourceTree = "<group>";
		};
/* End PBXGroup section */

/* Begin PBXNativeTarget section */
		DD2BBD0F1FDA618C00F9B213 /* Alerts */ = {
			isa = PBXNativeTarget;
			buildConfigurationList = DD2BBD221FDA618C00F9B213 /* Build configuration list for PBXNativeTarget "Alerts" */;
			buildPhases = (
				DD2BBD0C1FDA618C00F9B213 /* Sources */,
				DD2BBD0D1FDA618C00F9B213 /* Frameworks */,
				DD2BBD0E1FDA618C00F9B213 /* Resources */,
			);
			buildRules = (
			);
			dependencies = (
			);
			name = Alerts;
			productName = Alerts;
			productReference = DD2BBD101FDA618C00F9B213 /* Alerts.app */;
			productType = "com.apple.product-type.application";
		};
/* End PBXNativeTarget section */

/* Begin PBXProject section */
		DD2BBD081FDA618C00F9B213 /* Project object */ = {
			isa = PBXProject;
			attributes = {
				LastSwiftUpdateCheck = 0920;
				LastUpgradeCheck = 0920;
				ORGANIZATIONNAME = Tuts;
				TargetAttributes = {
					DD2BBD0F1FDA618C00F9B213 = {
						CreatedOnToolsVersion = 9.2;
						ProvisioningStyle = Automatic;
					};
				};
			};
			buildConfigurationList = DD2BBD0B1FDA618C00F9B213 /* Build configuration list for PBXProject "Alerts" */;
			compatibilityVersion = "Xcode 8.0";
			developmentRegion = en;
			hasScannedForEncodings = 0;
			knownRegions = (
				en,
				Base,
			);
			mainGroup = DD2BBD071FDA618C00F9B213;
			productRefGroup = DD2BBD111FDA618C00F9B213 /* Products */;
			projectDirPath = "";
			projectRoot = "";
			targets = (
				DD2BBD0F1FDA618C00F9B213 /* Alerts */,
			);
		};
/* End PBXProject section */

/* Begin PBXResourcesBuildPhase section */
		DD2BBD0E1FDA618C00F9B213 /* Resources */ = {
			isa = PBXResourcesBuildPhase;
			buildActionMask = 2147483647;
			files = (
				DD2BBD1E1FDA618C00F9B213 /* LaunchScreen.storyboard in Resources */,
				DD2BBD1B1FDA618C00F9B213 /* Assets.xcassets in Resources */,
				DD2BBD191FDA618C00F9B213 /* Main.storyboard in Resources */,
			);
			runOnlyForDeploymentPostprocessing = 0;
		};
/* End PBXResourcesBuildPhase section */

/* Begin PBXSourcesBuildPhase section */
		DD2BBD0C1FDA618C00F9B213 /* Sources */ = {
			isa = PBXSourcesBuildPhase;
			buildActionMask = 2147483647;
			files = (
				DD2BBD161FDA618C00F9B213 /* ViewController.swift in Sources */,
				DD2BBD261FDA677600F9B213 /* WebClass.swift in Sources */,
				DD2BBD141FDA618C00F9B213 /* AppDelegate.swift in Sources */,
			);
			runOnlyForDeploymentPostprocessing = 0;
		};
/* End PBXSourcesBuildPhase section */

/* Begin PBXVariantGroup section */
		DD2BBD171FDA618C00F9B213 /* Main.storyboard */ = {
			isa = PBXVariantGroup;
			children = (
				DD2BBD181FDA618C00F9B213 /* Base */,
			);
			name = Main.storyboard;
			sourceTree = "<group>";
		};
		DD2BBD1C1FDA618C00F9B213 /* LaunchScreen.storyboard */ = {
			isa = PBXVariantGroup;
			children = (
				DD2BBD1D1FDA618C00F9B213 /* Base */,
			);
			name = LaunchScreen.storyboard;
			sourceTree = "<group>";
		};
/* End PBXVariantGroup section */

/* Begin XCBuildConfiguration section */
		DD2BBD201FDA618C00F9B213 /* Debug */ = {
			isa = XCBuildConfiguration;
			buildSettings = {
				ALWAYS_SEARCH_USER_PATHS = NO;
				CLANG_ANALYZER_NONNULL = YES;
				CLANG_ANALYZER_NUMBER_OBJECT_CONVERSION = YES_AGGRESSIVE;
				CLANG_CXX_LANGUAGE_STANDARD = "gnu++14";
				CLANG_CXX_LIBRARY = "libc++";
				CLANG_ENABLE_MODULES = YES;
				CLANG_ENABLE_OBJC_ARC = YES;
				CLANG_WARN_BLOCK_CAPTURE_AUTORELEASING = YES;
				CLANG_WARN_BOOL_CONVERSION = YES;
				CLANG_WARN_COMMA = YES;
				CLANG_WARN_CONSTANT_CONVERSION = YES;
				CLANG_WARN_DIRECT_OBJC_ISA_USAGE = YES_ERROR;
				CLANG_WARN_DOCUMENTATION_COMMENTS = YES;
				CLANG_WARN_EMPTY_BODY = YES;
				CLANG_WARN_ENUM_CONVERSION = YES;
				CLANG_WARN_INFINITE_RECURSION = YES;
				CLANG_WARN_INT_CONVERSION = YES;
				CLANG_WARN_NON_LITERAL_NULL_CONVERSION = YES;
				CLANG_WARN_OBJC_LITERAL_CONVERSION = YES;
				CLANG_WARN_OBJC_ROOT_CLASS = YES_ERROR;
				CLANG_WARN_RANGE_LOOP_ANALYSIS = YES;
				CLANG_WARN_STRICT_PROTOTYPES = YES;
				CLANG_WARN_SUSPICIOUS_MOVE = YES;
				CLANG_WARN_UNGUARDED_AVAILABILITY = YES_AGGRESSIVE;
				CLANG_WARN_UNREACHABLE_CODE = YES;
				CLANG_WARN__DUPLICATE_METHOD_MATCH = YES;
				CODE_SIGN_IDENTITY = "iPhone Developer";
				COPY_PHASE_STRIP = NO;
				DEBUG_INFORMATION_FORMAT = dwarf;
				ENABLE_STRICT_OBJC_MSGSEND = YES;
				ENABLE_TESTABILITY = YES;
				GCC_C_LANGUAGE_STANDARD = gnu11;
				GCC_DYNAMIC_NO_PIC = NO;
				GCC_NO_COMMON_BLOCKS = YES;
				GCC_OPTIMIZATION_LEVEL = 0;
				GCC_PREPROCESSOR_DEFINITIONS = (
					"DEBUG=1",
					"$(inherited)",
				);
				GCC_WARN_64_TO_32_BIT_CONVERSION = YES;
				GCC_WARN_ABOUT_RETURN_TYPE = YES_ERROR;
				GCC_WARN_UNDECLARED_SELECTOR = YES;
				GCC_WARN_UNINITIALIZED_AUTOS = YES_AGGRESSIVE;
				GCC_WARN_UNUSED_FUNCTION = YES;
				GCC_WARN_UNUSED_VARIABLE = YES;
				IPHONEOS_DEPLOYMENT_TARGET = 11.2;
				MTL_ENABLE_DEBUG_INFO = YES;
				ONLY_ACTIVE_ARCH = YES;
				SDKROOT = iphoneos;
				SWIFT_ACTIVE_COMPILATION_CONDITIONS = DEBUG;
				SWIFT_OPTIMIZATION_LEVEL = "-Onone";
			};
			name = Debug;
		};
		DD2BBD211FDA618C00F9B213 /* Release */ = {
			isa = XCBuildConfiguration;
			buildSettings = {
				ALWAYS_SEARCH_USER_PATHS = NO;
				CLANG_ANALYZER_NONNULL = YES;
				CLANG_ANALYZER_NUMBER_OBJECT_CONVERSION = YES_AGGRESSIVE;
				CLANG_CXX_LANGUAGE_STANDARD = "gnu++14";
				CLANG_CXX_LIBRARY = "libc++";
				CLANG_ENABLE_MODULES = YES;
				CLANG_ENABLE_OBJC_ARC = YES;
				CLANG_WARN_BLOCK_CAPTURE_AUTORELEASING = YES;
				CLANG_WARN_BOOL_CONVERSION = YES;
				CLANG_WARN_COMMA = YES;
				CLANG_WARN_CONSTANT_CONVERSION = YES;
				CLANG_WARN_DIRECT_OBJC_ISA_USAGE = YES_ERROR;
				CLANG_WARN_DOCUMENTATION_COMMENTS = YES;
				CLANG_WARN_EMPTY_BODY = YES;
				CLANG_WARN_ENUM_CONVERSION = YES;
				CLANG_WARN_INFINITE_RECURSION = YES;
				CLANG_WARN_INT_CONVERSION = YES;
				CLANG_WARN_NON_LITERAL_NULL_CONVERSION = YES;
				CLANG_WARN_OBJC_LITERAL_CONVERSION = YES;
				CLANG_WARN_OBJC_ROOT_CLASS = YES_ERROR;
				CLANG_WARN_RANGE_LOOP_ANALYSIS = YES;
				CLANG_WARN_STRICT_PROTOTYPES = YES;
				CLANG_WARN_SUSPICIOUS_MOVE = YES;
				CLANG_WARN_UNGUARDED_AVAILABILITY = YES_AGGRESSIVE;
				CLANG_WARN_UNREACHABLE_CODE = YES;
				CLANG_WARN__DUPLICATE_METHOD_MATCH = YES;
				CODE_SIGN_IDENTITY = "iPhone Developer";
				COPY_PHASE_STRIP = NO;
				DEBUG_INFORMATION_FORMAT = "dwarf-with-dsym";
				ENABLE_NS_ASSERTIONS = NO;
				ENABLE_STRICT_OBJC_MSGSEND = YES;
				GCC_C_LANGUAGE_STANDARD = gnu11;
				GCC_NO_COMMON_BLOCKS = YES;
				GCC_WARN_64_TO_32_BIT_CONVERSION = YES;
				GCC_WARN_ABOUT_RETURN_TYPE = YES_ERROR;
				GCC_WARN_UNDECLARED_SELECTOR = YES;
				GCC_WARN_UNINITIALIZED_AUTOS = YES_AGGRESSIVE;
				GCC_WARN_UNUSED_FUNCTION = YES;
				GCC_WARN_UNUSED_VARIABLE = YES;
				IPHONEOS_DEPLOYMENT_TARGET = 11.2;
				MTL_ENABLE_DEBUG_INFO = NO;
				SDKROOT = iphoneos;
				SWIFT_OPTIMIZATION_LEVEL = "-Owholemodule";
				VALIDATE_PRODUCT = YES;
			};
			name = Release;
		};
		DD2BBD231FDA618C00F9B213 /* Debug */ = {
			isa = XCBuildConfiguration;
			buildSettings = {
				ASSETCATALOG_COMPILER_APPICON_NAME = AppIcon;
				CODE_SIGN_STYLE = Automatic;
				DEVELOPMENT_TEAM = R789VJKVXV;
				INFOPLIST_FILE = "$(SRCROOT)/Alerts/Info.plist";
				IPHONEOS_DEPLOYMENT_TARGET = 11.0;
				LD_RUNPATH_SEARCH_PATHS = "$(inherited) @executable_path/Frameworks";
				PRODUCT_BUNDLE_IDENTIFIER = "com.ShipItDay-2";
				PRODUCT_NAME = "$(TARGET_NAME)";
				SWIFT_VERSION = 4.0;
				TARGETED_DEVICE_FAMILY = 1;
			};
			name = Debug;
		};
		DD2BBD241FDA618C00F9B213 /* Release */ = {
			isa = XCBuildConfiguration;
			buildSettings = {
				ASSETCATALOG_COMPILER_APPICON_NAME = AppIcon;
				CODE_SIGN_STYLE = Automatic;
				DEVELOPMENT_TEAM = R789VJKVXV;
				INFOPLIST_FILE = "$(SRCROOT)/Alerts/Info.plist";
				IPHONEOS_DEPLOYMENT_TARGET = 11.0;
				LD_RUNPATH_SEARCH_PATHS = "$(inherited) @executable_path/Frameworks";
				PRODUCT_BUNDLE_IDENTIFIER = "com.ShipItDay-2";
				PRODUCT_NAME = "$(TARGET_NAME)";
				SWIFT_VERSION = 4.0;
				TARGETED_DEVICE_FAMILY = 1;
			};
			name = Release;
		};
/* End XCBuildConfiguration section */

/* Begin XCConfigurationList section */
		DD2BBD0B1FDA618C00F9B213 /* Build configuration list for PBXProject "Alerts" */ = {
			isa = XCConfigurationList;
			buildConfigurations = (
				DD2BBD201FDA618C00F9B213 /* Debug */,
				DD2BBD211FDA618C00F9B213 /* Release */,
			);
			defaultConfigurationIsVisible = 0;
			defaultConfigurationName = Release;
		};
		DD2BBD221FDA618C00F9B213 /* Build configuration list for PBXNativeTarget "Alerts" */ = {
			isa = XCConfigurationList;
			buildConfigurations = (
				DD2BBD231FDA618C00F9B213 /* Debug */,
				DD2BBD241FDA618C00F9B213 /* Release */,
			);
			defaultConfigurationIsVisible = 0;
			defaultConfigurationName = Release;
		};
/* End XCConfigurationList section */
	};
	rootObject = DD2BBD081FDA618C00F9B213 /* Project object */;
}
